
Microsoft Visual Studio Solution File, Format Version 12.00
# Visual Studio Version 16
VisualStudioVersion = 16.0.33529.622
MinimumVisualStudioVersion = 10.0.40219.1
Project("{FAE04EC0-301F-11D3-BF4B-00C04F79EFBC}") = "Pharmacy", "Pharmacy\Pharmacy.csproj", "{3C1E3710-1F99-4321-927B-3F47908C06BD}"
EndProject
Global
	GlobalSection(SolutionConfigurationPlatforms) = preSolution
		Debug|Any CPU = Debug|Any CPU
		Release|Any CPU = Release|Any CPU
	EndGlobalSection
	GlobalSection(ProjectConfigurationPlatforms) = postSolution
		{3C1E3710-1F99-4321-927B-3F47908C06BD}.Debug|Any CPU.ActiveCfg = Debug|Any CPU
		{3C1E3710-1F99-4321-927B-3F47908C06BD}.Debug|Any CPU.Build.0 = Debug|Any CPU
		{3C1E3710-1F99-4321-927B-3F47908C06BD}.Release|Any CPU.ActiveCfg = Release|Any CPU
		{3C1E3710-1F99-4321-927B-3F47908C06BD}.Release|Any CPU.Build.0 = Release|Any CPU
	EndGlobalSection
	GlobalSection(SolutionProperties) = preSolution
		HideSolutionNode = FALSE
	EndGlobalSection
	GlobalSection(ExtensibilityGlobals) = postSolution
		SolutionGuid = {4E9D30E1-DD01-49D7-9B91-2E8F20A8DC5C}
	EndGlobalSection
EndGlobal
